
Microsoft Visual Studio Solution File, Format Version 12.00
Project("{FAE04EC0-301F-11D3-BF4B-00C04F79EFBC}") = "GitCommands", "GitCommands\GitCommands.csproj", "{66F808DE-0463-4742-BD27-C7C31AB7E9BB}"
EndProject
Global
	GlobalSection(SolutionConfigurationPlatforms) = preSolution
		Debug|Any CPU = Debug|Any CPU
		Release|Any CPU = Release|Any CPU
	EndGlobalSection
	GlobalSection(ProjectConfigurationPlatforms) = postSolution
		{66F808DE-0463-4742-BD27-C7C31AB7E9BB}.Debug|Any CPU.ActiveCfg = Debug|Any CPU
		{66F808DE-0463-4742-BD27-C7C31AB7E9BB}.Debug|Any CPU.Build.0 = Debug|Any CPU
		{66F808DE-0463-4742-BD27-C7C31AB7E9BB}.Release|Any CPU.ActiveCfg = Release|Any CPU
		{66F808DE-0463-4742-BD27-C7C31AB7E9BB}.Release|Any CPU.Build.0 = Release|Any CPU
	EndGlobalSection
EndGlobal
